
Microsoft Visual Studio Solution File, Format Version 12.00
# Visual Studio Version 16
VisualStudioVersion = 16.0.30804.86
MinimumVisualStudioVersion = 10.0.40219.1
Project("{FAE04EC0-301F-11D3-BF4B-00C04F79EFBC}") = "CSGO-RGB", "CSGO-RGB\CSGO-RGB.csproj", "{C7C7133D-8BC8-4E1D-8B37-7DEBAE8018DF}"
EndProject
Project("{FAE04EC0-301F-11D3-BF4B-00C04F79EFBC}") = "CSGSI", "CSGSI\CSGSI.csproj", "{8FE36B74-2F8B-4412-8584-6C7D6231265F}"
EndProject
Global
	GlobalSection(SolutionConfigurationPlatforms) = preSolution
		Debug|Any CPU = Debug|Any CPU
		Release|Any CPU = Release|Any CPU
	EndGlobalSection
	GlobalSection(ProjectConfigurationPlatforms) = postSolution
		{C7C7133D-8BC8-4E1D-8B37-7DEBAE8018DF}.Debug|Any CPU.ActiveCfg = Debug|Any CPU
		{C7C7133D-8BC8-4E1D-8B37-7DEBAE8018DF}.Debug|Any CPU.Build.0 = Debug|Any CPU
		{C7C7133D-8BC8-4E1D-8B37-7DEBAE8018DF}.Release|Any CPU.ActiveCfg = Release|Any CPU
		{C7C7133D-8BC8-4E1D-8B37-7DEBAE8018DF}.Release|Any CPU.Build.0 = Release|Any CPU
		{8FE36B74-2F8B-4412-8584-6C7D6231265F}.Debug|Any CPU.ActiveCfg = Debug|Any CPU
		{8FE36B74-2F8B-4412-8584-6C7D6231265F}.Debug|Any CPU.Build.0 = Debug|Any CPU
		{8FE36B74-2F8B-4412-8584-6C7D6231265F}.Release|Any CPU.ActiveCfg = Release|Any CPU
		{8FE36B74-2F8B-4412-8584-6C7D6231265F}.Release|Any CPU.Build.0 = Release|Any CPU
	EndGlobalSection
	GlobalSection(SolutionProperties) = preSolution
		HideSolutionNode = FALSE
	EndGlobalSection
	GlobalSection(ExtensibilityGlobals) = postSolution
		SolutionGuid = {70426D88-312E-4C1C-83E0-B308824F8548}
	EndGlobalSection
EndGlobal
